
Microsoft Visual Studio Solution File, Format Version 12.00
# Visual Studio Version 16
VisualStudioVersion = 16.0.30621.155
MinimumVisualStudioVersion = 10.0.40219.1
Project("{FAE04EC0-301F-11D3-BF4B-00C04F79EFBC}") = "MPS Class Exercise 3 Images.Android", "MPS Class Exercise 3 Images.Android\MPS Class Exercise 3 Images.Android.csproj", "{25D3EDA1-41BC-4BEC-9FB7-A29BAC590A06}"
EndProject
Project("{FAE04EC0-301F-11D3-BF4B-00C04F79EFBC}") = "MPS Class Exercise 3 Images.iOS", "MPS Class Exercise 3 Images.iOS\MPS Class Exercise 3 Images.iOS.csproj", "{FC259D1F-484E-44CB-956D-8FA4220561E1}"
EndProject
Project("{FAE04EC0-301F-11D3-BF4B-00C04F79EFBC}") = "MPS Class Exercise 3 Images", "MPS Class Exercise 3 Images\MPS Class Exercise 3 Images.csproj", "{BA81DDF2-E855-4D54-A180-E3C9A18DFE80}"
EndProject
Global
	GlobalSection(SolutionConfigurationPlatforms) = preSolution
		Debug|Any CPU = Debug|Any CPU
		Debug|iPhone = Debug|iPhone
		Debug|iPhoneSimulator = Debug|iPhoneSimulator
		Release|Any CPU = Release|Any CPU
		Release|iPhone = Release|iPhone
		Release|iPhoneSimulator = Release|iPhoneSimulator
	EndGlobalSection
	GlobalSection(ProjectConfigurationPlatforms) = postSolution
		{25D3EDA1-41BC-4BEC-9FB7-A29BAC590A06}.Debug|Any CPU.ActiveCfg = Debug|Any CPU
		{25D3EDA1-41BC-4BEC-9FB7-A29BAC590A06}.Debug|Any CPU.Build.0 = Debug|Any CPU
		{25D3EDA1-41BC-4BEC-9FB7-A29BAC590A06}.Debug|Any CPU.Deploy.0 = Debug|Any CPU
		{25D3EDA1-41BC-4BEC-9FB7-A29BAC590A06}.Debug|iPhone.ActiveCfg = Debug|Any CPU
		{25D3EDA1-41BC-4BEC-9FB7-A29BAC590A06}.Debug|iPhone.Build.0 = Debug|Any CPU
		{25D3EDA1-41BC-4BEC-9FB7-A29BAC590A06}.Debug|iPhone.Deploy.0 = Debug|Any CPU
		{25D3EDA1-41BC-4BEC-9FB7-A29BAC590A06}.Debug|iPhoneSimulator.ActiveCfg = Debug|Any CPU
		{25D3EDA1-41BC-4BEC-9FB7-A29BAC590A06}.Debug|iPhoneSimulator.Build.0 = Debug|Any CPU
		{25D3EDA1-41BC-4BEC-9FB7-A29BAC590A06}.Debug|iPhoneSimulator.Deploy.0 = Debug|Any CPU
		{25D3EDA1-41BC-4BEC-9FB7-A29BAC590A06}.Release|Any CPU.ActiveCfg = Release|Any CPU
		{25D3EDA1-41BC-4BEC-9FB7-A29BAC590A06}.Release|Any CPU.Build.0 = Release|Any CPU
		{25D3EDA1-41BC-4BEC-9FB7-A29BAC590A06}.Release|Any CPU.Deploy.0 = Release|Any CPU
		{25D3EDA1-41BC-4BEC-9FB7-A29BAC590A06}.Release|iPhone.ActiveCfg = Release|Any CPU
		{25D3EDA1-41BC-4BEC-9FB7-A29BAC590A06}.Release|iPhone.Build.0 = Release|Any CPU
		{25D3EDA1-41BC-4BEC-9FB7-A29BAC590A06}.Release|iPhone.Deploy.0 = Release|Any CPU
		{25D3EDA1-41BC-4BEC-9FB7-A29BAC590A06}.Release|iPhoneSimulator.ActiveCfg = Release|Any CPU
		{25D3EDA1-41BC-4BEC-9FB7-A29BAC590A06}.Release|iPhoneSimulator.Build.0 = Release|Any CPU
		{25D3EDA1-41BC-4BEC-9FB7-A29BAC590A06}.Release|iPhoneSimulator.Deploy.0 = Release|Any CPU
		{FC259D1F-484E-44CB-956D-8FA4220561E1}.Debug|Any CPU.ActiveCfg = Debug|iPhone
		{FC259D1F-484E-44CB-956D-8FA4220561E1}.Debug|Any CPU.Build.0 = Debug|iPhone
		{FC259D1F-484E-44CB-956D-8FA4220561E1}.Debug|Any CPU.Deploy.0 = Debug|iPhone
		{FC259D1F-484E-44CB-956D-8FA4220561E1}.Debug|iPhone.ActiveCfg = Debug|iPhone
		{FC259D1F-484E-44CB-956D-8FA4220561E1}.Debug|iPhone.Build.0 = Debug|iPhone
		{FC259D1F-484E-44CB-956D-8FA4220561E1}.Debug|iPhone.Deploy.0 = Debug|iPhone
		{FC259D1F-484E-44CB-956D-8FA4220561E1}.Debug|iPhoneSimulator.ActiveCfg = Debug|iPhoneSimulator
		{FC259D1F-484E-44CB-956D-8FA4220561E1}.Debug|iPhoneSimulator.Build.0 = Debug|iPhoneSimulator
		{FC259D1F-484E-44CB-956D-8FA4220561E1}.Debug|iPhoneSimulator.Deploy.0 = Debug|iPhoneSimulator
		{FC259D1F-484E-44CB-956D-8FA4220561E1}.Release|Any CPU.ActiveCfg = Release|iPhoneSimulator
		{FC259D1F-484E-44CB-956D-8FA4220561E1}.Release|Any CPU.Build.0 = Release|iPhoneSimulator
		{FC259D1F-484E-44CB-956D-8FA4220561E1}.Release|Any CPU.Deploy.0 = Release|iPhoneSimulator
		{FC259D1F-484E-44CB-956D-8FA4220561E1}.Release|iPhone.ActiveCfg = Release|iPhone
		{FC259D1F-484E-44CB-956D-8FA4220561E1}.Release|iPhone.Build.0 = Release|iPhone
		{FC259D1F-484E-44CB-956D-8FA4220561E1}.Release|iPhone.Deploy.0 = Release|iPhone
		{FC259D1F-484E-44CB-956D-8FA4220561E1}.Release|iPhoneSimulator.ActiveCfg = Release|iPhoneSimulator
		{FC259D1F-484E-44CB-956D-8FA4220561E1}.Release|iPhoneSimulator.Build.0 = Release|iPhoneSimulator
		{FC259D1F-484E-44CB-956D-8FA4220561E1}.Release|iPhoneSimulator.Deploy.0 = Release|iPhoneSimulator
		{BA81DDF2-E855-4D54-A180-E3C9A18DFE80}.Debug|Any CPU.ActiveCfg = Debug|Any CPU
		{BA81DDF2-E855-4D54-A180-E3C9A18DFE80}.Debug|Any CPU.Build.0 = Debug|Any CPU
		{BA81DDF2-E855-4D54-A180-E3C9A18DFE80}.Debug|Any CPU.Deploy.0 = Debug|Any CPU
		{BA81DDF2-E855-4D54-A180-E3C9A18DFE80}.Debug|iPhone.ActiveCfg = Debug|Any CPU
		{BA81DDF2-E855-4D54-A180-E3C9A18DFE80}.Debug|iPhone.Build.0 = Debug|Any CPU
		{BA81DDF2-E855-4D54-A180-E3C9A18DFE80}.Debug|iPhone.Deploy.0 = Debug|Any CPU
		{BA81DDF2-E855-4D54-A180-E3C9A18DFE80}.Debug|iPhoneSimulator.ActiveCfg = Debug|Any CPU
		{BA81DDF2-E855-4D54-A180-E3C9A18DFE80}.Debug|iPhoneSimulator.Build.0 = Debug|Any CPU
		{BA81DDF2-E855-4D54-A180-E3C9A18DFE80}.Debug|iPhoneSimulator.Deploy.0 = Debug|Any CPU
		{BA81DDF2-E855-4D54-A180-E3C9A18DFE80}.Release|Any CPU.ActiveCfg = Release|Any CPU
		{BA81DDF2-E855-4D54-A180-E3C9A18DFE80}.Release|Any CPU.Build.0 = Release|Any CPU
		{BA81DDF2-E855-4D54-A180-E3C9A18DFE80}.Release|Any CPU.Deploy.0 = Release|Any CPU
		{BA81DDF2-E855-4D54-A180-E3C9A18DFE80}.Release|iPhone.ActiveCfg = Release|Any CPU
		{BA81DDF2-E855-4D54-A180-E3C9A18DFE80}.Release|iPhone.Build.0 = Release|Any CPU
		{BA81DDF2-E855-4D54-A180-E3C9A18DFE80}.Release|iPhone.Deploy.0 = Release|Any CPU
		{BA81DDF2-E855-4D54-A180-E3C9A18DFE80}.Release|iPhoneSimulator.ActiveCfg = Release|Any CPU
		{BA81DDF2-E855-4D54-A180-E3C9A18DFE80}.Release|iPhoneSimulator.Build.0 = Release|Any CPU
		{BA81DDF2-E855-4D54-A180-E3C9A18DFE80}.Release|iPhoneSimulator.Deploy.0 = Release|Any CPU
	EndGlobalSection
	GlobalSection(SolutionProperties) = preSolution
		HideSolutionNode = FALSE
	EndGlobalSection
	GlobalSection(ExtensibilityGlobals) = postSolution
		SolutionGuid = {0A9E98C9-743A-44E0-BAEE-B9053A6FEA37}
	EndGlobalSection
EndGlobal
